// !$*UTF8*$!
{
	archiveVersion = 1;
	classes = {
	};
	objectVersion = 56;
	objects = {

/* Begin PBXBuildFile section */
		EA77A55D2C503FF300DA9457 /* AppDelegate.swift in Sources */ = {isa = PBXBuildFile; fileRef = EA77A55C2C503FF300DA9457 /* AppDelegate.swift */; };
		EA77A5612C503FF300DA9457 /* ViewController.swift in Sources */ = {isa = PBXBuildFile; fileRef = EA77A5602C503FF300DA9457 /* ViewController.swift */; };
		EA77A5642C503FF300DA9457 /* Base in Resources */ = {isa = PBXBuildFile; fileRef = EA77A5632C503FF300DA9457 /* Base */; };
		EA77A5662C503FF500DA9457 /* Assets.xcassets in Resources */ = {isa = PBXBuildFile; fileRef = EA77A5652C503FF500DA9457 /* Assets.xcassets */; };
		EA77A5692C503FF500DA9457 /* Base in Resources */ = {isa = PBXBuildFile; fileRef = EA77A5682C503FF500DA9457 /* Base */; };
		EA77A5762C50434900DA9457 /* LogService.swift in Sources */ = {isa = PBXBuildFile; fileRef = EA77A5752C50434900DA9457 /* LogService.swift */; };
		EA77A5782C504B9900DA9457 /* ServiceLocator.swift in Sources */ = {isa = PBXBuildFile; fileRef = EA77A5772C504B9900DA9457 /* ServiceLocator.swift */; };
		EA77A57B2C504ED500DA9457 /* MainRouter.swift in Sources */ = {isa = PBXBuildFile; fileRef = EA77A57A2C504ED500DA9457 /* MainRouter.swift */; };
/* End PBXBuildFile section */

/* Begin PBXFileReference section */
		EA77A5592C503FF200DA9457 /* MetropolitanMuseum.app */ = {isa = PBXFileReference; explicitFileType = wrapper.application; includeInIndex = 0; path = MetropolitanMuseum.app; sourceTree = BUILT_PRODUCTS_DIR; };
		EA77A55C2C503FF300DA9457 /* AppDelegate.swift */ = {isa = PBXFileReference; lastKnownFileType = sourcecode.swift; path = AppDelegate.swift; sourceTree = "<group>"; };
		EA77A5602C503FF300DA9457 /* ViewController.swift */ = {isa = PBXFileReference; lastKnownFileType = sourcecode.swift; path = ViewController.swift; sourceTree = "<group>"; };
		EA77A5632C503FF300DA9457 /* Base */ = {isa = PBXFileReference; lastKnownFileType = file.storyboard; name = Base; path = Base.lproj/Main.storyboard; sourceTree = "<group>"; };
		EA77A5652C503FF500DA9457 /* Assets.xcassets */ = {isa = PBXFileReference; lastKnownFileType = folder.assetcatalog; path = Assets.xcassets; sourceTree = "<group>"; };
		EA77A5682C503FF500DA9457 /* Base */ = {isa = PBXFileReference; lastKnownFileType = file.storyboard; name = Base; path = Base.lproj/LaunchScreen.storyboard; sourceTree = "<group>"; };
		EA77A56A2C503FF500DA9457 /* Info.plist */ = {isa = PBXFileReference; lastKnownFileType = text.plist.xml; path = Info.plist; sourceTree = "<group>"; };
		EA77A5752C50434900DA9457 /* LogService.swift */ = {isa = PBXFileReference; lastKnownFileType = sourcecode.swift; path = LogService.swift; sourceTree = "<group>"; };
		EA77A5772C504B9900DA9457 /* ServiceLocator.swift */ = {isa = PBXFileReference; lastKnownFileType = sourcecode.swift; path = ServiceLocator.swift; sourceTree = "<group>"; };
		EA77A57A2C504ED500DA9457 /* MainRouter.swift */ = {isa = PBXFileReference; lastKnownFileType = sourcecode.swift; path = MainRouter.swift; sourceTree = "<group>"; };
/* End PBXFileReference section */

/* Begin PBXFrameworksBuildPhase section */
		EA77A5562C503FF200DA9457 /* Frameworks */ = {
			isa = PBXFrameworksBuildPhase;
			buildActionMask = 2147483647;
			files = (
			);
			runOnlyForDeploymentPostprocessing = 0;
		};
/* End PBXFrameworksBuildPhase section */

/* Begin PBXGroup section */
		EA77A5502C503FF200DA9457 = {
			isa = PBXGroup;
			children = (
				EA77A55B2C503FF200DA9457 /* MetropolitanMuseum */,
				EA77A55A2C503FF200DA9457 /* Products */,
			);
			sourceTree = "<group>";
		};
		EA77A55A2C503FF200DA9457 /* Products */ = {
			isa = PBXGroup;
			children = (
				EA77A5592C503FF200DA9457 /* MetropolitanMuseum.app */,
			);
			name = Products;
			sourceTree = "<group>";
		};
		EA77A55B2C503FF200DA9457 /* MetropolitanMuseum */ = {
			isa = PBXGroup;
			children = (
				EA77A5702C50404600DA9457 /* General */,
				EA77A5742C50407600DA9457 /* Services */,
				EA77A5732C50405D00DA9457 /* Modules */,
				EA77A5722C50405600DA9457 /* Extensions */,
				EA77A5712C50404E00DA9457 /* Support Files */,
			);
			path = MetropolitanMuseum;
			sourceTree = "<group>";
		};
		EA77A5702C50404600DA9457 /* General */ = {
			isa = PBXGroup;
			children = (
				EA77A55C2C503FF300DA9457 /* AppDelegate.swift */,
			);
			path = General;
			sourceTree = "<group>";
		};
		EA77A5712C50404E00DA9457 /* Support Files */ = {
			isa = PBXGroup;
			children = (
				EA77A5602C503FF300DA9457 /* ViewController.swift */,
				EA77A5622C503FF300DA9457 /* Main.storyboard */,
				EA77A5652C503FF500DA9457 /* Assets.xcassets */,
				EA77A5672C503FF500DA9457 /* LaunchScreen.storyboard */,
				EA77A56A2C503FF500DA9457 /* Info.plist */,
			);
			path = "Support Files";
			sourceTree = "<group>";
		};
		EA77A5722C50405600DA9457 /* Extensions */ = {
			isa = PBXGroup;
			children = (
			);
			path = Extensions;
			sourceTree = "<group>";
		};
		EA77A5732C50405D00DA9457 /* Modules */ = {
			isa = PBXGroup;
			children = (
			);
			path = Modules;
			sourceTree = "<group>";
		};
		EA77A5742C50407600DA9457 /* Services */ = {
			isa = PBXGroup;
			children = (
				EA77A5752C50434900DA9457 /* LogService.swift */,
				EA77A5772C504B9900DA9457 /* ServiceLocator.swift */,
				EA77A5792C504E8F00DA9457 /* Routers */,
			);
			path = Services;
			sourceTree = "<group>";
		};
		EA77A5792C504E8F00DA9457 /* Routers */ = {
			isa = PBXGroup;
			children = (
				EA77A57A2C504ED500DA9457 /* MainRouter.swift */,
			);
			path = Routers;
			sourceTree = "<group>";
		};
/* End PBXGroup section */

/* Begin PBXNativeTarget section */
		EA77A5582C503FF200DA9457 /* MetropolitanMuseum */ = {
			isa = PBXNativeTarget;
			buildConfigurationList = EA77A56D2C503FF500DA9457 /* Build configuration list for PBXNativeTarget "MetropolitanMuseum" */;
			buildPhases = (
				EA77A5552C503FF200DA9457 /* Sources */,
				EA77A5562C503FF200DA9457 /* Frameworks */,
				EA77A5572C503FF200DA9457 /* Resources */,
			);
			buildRules = (
			);
			dependencies = (
			);
			name = MetropolitanMuseum;
			productName = MetropolitanMuseum;
			productReference = EA77A5592C503FF200DA9457 /* MetropolitanMuseum.app */;
			productType = "com.apple.product-type.application";
		};
/* End PBXNativeTarget section */

/* Begin PBXProject section */
		EA77A5512C503FF200DA9457 /* Project object */ = {
			isa = PBXProject;
			attributes = {
				BuildIndependentTargetsInParallel = 1;
				LastSwiftUpdateCheck = 1530;
				LastUpgradeCheck = 1530;
				TargetAttributes = {
					EA77A5582C503FF200DA9457 = {
						CreatedOnToolsVersion = 15.3;
					};
				};
			};
			buildConfigurationList = EA77A5542C503FF200DA9457 /* Build configuration list for PBXProject "MetropolitanMuseum" */;
			compatibilityVersion = "Xcode 14.0";
			developmentRegion = en;
			hasScannedForEncodings = 0;
			knownRegions = (
				en,
				Base,
			);
			mainGroup = EA77A5502C503FF200DA9457;
			productRefGroup = EA77A55A2C503FF200DA9457 /* Products */;
			projectDirPath = "";
			projectRoot = "";
			targets = (
				EA77A5582C503FF200DA9457 /* MetropolitanMuseum */,
			);
		};
/* End PBXProject section */

/* Begin PBXResourcesBuildPhase section */
		EA77A5572C503FF200DA9457 /* Resources */ = {
			isa = PBXResourcesBuildPhase;
			buildActionMask = 2147483647;
			files = (
				EA77A5662C503FF500DA9457 /* Assets.xcassets in Resources */,
				EA77A5692C503FF500DA9457 /* Base in Resources */,
				EA77A5642C503FF300DA9457 /* Base in Resources */,
			);
			runOnlyForDeploymentPostprocessing = 0;
		};
/* End PBXResourcesBuildPhase section */

/* Begin PBXSourcesBuildPhase section */
		EA77A5552C503FF200DA9457 /* Sources */ = {
			isa = PBXSourcesBuildPhase;
			buildActionMask = 2147483647;
			files = (
				EA77A5612C503FF300DA9457 /* ViewController.swift in Sources */,
				EA77A5782C504B9900DA9457 /* ServiceLocator.swift in Sources */,
				EA77A55D2C503FF300DA9457 /* AppDelegate.swift in Sources */,
				EA77A5762C50434900DA9457 /* LogService.swift in Sources */,
				EA77A57B2C504ED500DA9457 /* MainRouter.swift in Sources */,
			);
			runOnlyForDeploymentPostprocessing = 0;
		};
/* End PBXSourcesBuildPhase section */

/* Begin PBXVariantGroup section */
		EA77A5622C503FF300DA9457 /* Main.storyboard */ = {
			isa = PBXVariantGroup;
			children = (
				EA77A5632C503FF300DA9457 /* Base */,
			);
			name = Main.storyboard;
			sourceTree = "<group>";
		};
		EA77A5672C503FF500DA9457 /* LaunchScreen.storyboard */ = {
			isa = PBXVariantGroup;
			children = (
				EA77A5682C503FF500DA9457 /* Base */,
			);
			name = LaunchScreen.storyboard;
			sourceTree = "<group>";
		};
/* End PBXVariantGroup section */

/* Begin XCBuildConfiguration section */
		EA77A56B2C503FF500DA9457 /* Debug */ = {
			isa = XCBuildConfiguration;
			buildSettings = {
				ALWAYS_SEARCH_USER_PATHS = NO;
				ASSETCATALOG_COMPILER_GENERATE_SWIFT_ASSET_SYMBOL_EXTENSIONS = YES;
				CLANG_ANALYZER_NONNULL = YES;
				CLANG_ANALYZER_NUMBER_OBJECT_CONVERSION = YES_AGGRESSIVE;
				CLANG_CXX_LANGUAGE_STANDARD = "gnu++20";
				CLANG_ENABLE_MODULES = YES;
				CLANG_ENABLE_OBJC_ARC = YES;
				CLANG_ENABLE_OBJC_WEAK = YES;
				CLANG_WARN_BLOCK_CAPTURE_AUTORELEASING = YES;
				CLANG_WARN_BOOL_CONVERSION = YES;
				CLANG_WARN_COMMA = YES;
				CLANG_WARN_CONSTANT_CONVERSION = YES;
				CLANG_WARN_DEPRECATED_OBJC_IMPLEMENTATIONS = YES;
				CLANG_WARN_DIRECT_OBJC_ISA_USAGE = YES_ERROR;
				CLANG_WARN_DOCUMENTATION_COMMENTS = YES;
				CLANG_WARN_EMPTY_BODY = YES;
				CLANG_WARN_ENUM_CONVERSION = YES;
				CLANG_WARN_INFINITE_RECURSION = YES;
				CLANG_WARN_INT_CONVERSION = YES;
				CLANG_WARN_NON_LITERAL_NULL_CONVERSION = YES;
				CLANG_WARN_OBJC_IMPLICIT_RETAIN_SELF = YES;
				CLANG_WARN_OBJC_LITERAL_CONVERSION = YES;
				CLANG_WARN_OBJC_ROOT_CLASS = YES_ERROR;
				CLANG_WARN_QUOTED_INCLUDE_IN_FRAMEWORK_HEADER = YES;
				CLANG_WARN_RANGE_LOOP_ANALYSIS = YES;
				CLANG_WARN_STRICT_PROTOTYPES = YES;
				CLANG_WARN_SUSPICIOUS_MOVE = YES;
				CLANG_WARN_UNGUARDED_AVAILABILITY = YES_AGGRESSIVE;
				CLANG_WARN_UNREACHABLE_CODE = YES;
				CLANG_WARN__DUPLICATE_METHOD_MATCH = YES;
				COPY_PHASE_STRIP = NO;
				DEBUG_INFORMATION_FORMAT = dwarf;
				ENABLE_STRICT_OBJC_MSGSEND = YES;
				ENABLE_TESTABILITY = YES;
				ENABLE_USER_SCRIPT_SANDBOXING = YES;
				GCC_C_LANGUAGE_STANDARD = gnu17;
				GCC_DYNAMIC_NO_PIC = NO;
				GCC_NO_COMMON_BLOCKS = YES;
				GCC_OPTIMIZATION_LEVEL = 0;
				GCC_PREPROCESSOR_DEFINITIONS = (
					"DEBUG=1",
					"$(inherited)",
				);
				GCC_WARN_64_TO_32_BIT_CONVERSION = YES;
				GCC_WARN_ABOUT_RETURN_TYPE = YES_ERROR;
				GCC_WARN_UNDECLARED_SELECTOR = YES;
				GCC_WARN_UNINITIALIZED_AUTOS = YES_AGGRESSIVE;
				GCC_WARN_UNUSED_FUNCTION = YES;
				GCC_WARN_UNUSED_VARIABLE = YES;
				IPHONEOS_DEPLOYMENT_TARGET = 15.0;
				LOCALIZATION_PREFERS_STRING_CATALOGS = YES;
				MTL_ENABLE_DEBUG_INFO = INCLUDE_SOURCE;
				MTL_FAST_MATH = YES;
				ONLY_ACTIVE_ARCH = YES;
				SDKROOT = iphoneos;
				SWIFT_ACTIVE_COMPILATION_CONDITIONS = "DEBUG $(inherited)";
				SWIFT_OPTIMIZATION_LEVEL = "-Onone";
			};
			name = Debug;
		};
		EA77A56C2C503FF500DA9457 /* Release */ = {
			isa = XCBuildConfiguration;
			buildSettings = {
				ALWAYS_SEARCH_USER_PATHS = NO;
				ASSETCATALOG_COMPILER_GENERATE_SWIFT_ASSET_SYMBOL_EXTENSIONS = YES;
				CLANG_ANALYZER_NONNULL = YES;
				CLANG_ANALYZER_NUMBER_OBJECT_CONVERSION = YES_AGGRESSIVE;
				CLANG_CXX_LANGUAGE_STANDARD = "gnu++20";
				CLANG_ENABLE_MODULES = YES;
				CLANG_ENABLE_OBJC_ARC = YES;
				CLANG_ENABLE_OBJC_WEAK = YES;
				CLANG_WARN_BLOCK_CAPTURE_AUTORELEASING = YES;
				CLANG_WARN_BOOL_CONVERSION = YES;
				CLANG_WARN_COMMA = YES;
				CLANG_WARN_CONSTANT_CONVERSION = YES;
				CLANG_WARN_DEPRECATED_OBJC_IMPLEMENTATIONS = YES;
				CLANG_WARN_DIRECT_OBJC_ISA_USAGE = YES_ERROR;
				CLANG_WARN_DOCUMENTATION_COMMENTS = YES;
				CLANG_WARN_EMPTY_BODY = YES;
				CLANG_WARN_ENUM_CONVERSION = YES;
				CLANG_WARN_INFINITE_RECURSION = YES;
				CLANG_WARN_INT_CONVERSION = YES;
				CLANG_WARN_NON_LITERAL_NULL_CONVERSION = YES;
				CLANG_WARN_OBJC_IMPLICIT_RETAIN_SELF = YES;
				CLANG_WARN_OBJC_LITERAL_CONVERSION = YES;
				CLANG_WARN_OBJC_ROOT_CLASS = YES_ERROR;
				CLANG_WARN_QUOTED_INCLUDE_IN_FRAMEWORK_HEADER = YES;
				CLANG_WARN_RANGE_LOOP_ANALYSIS = YES;
				CLANG_WARN_STRICT_PROTOTYPES = YES;
				CLANG_WARN_SUSPICIOUS_MOVE = YES;
				CLANG_WARN_UNGUARDED_AVAILABILITY = YES_AGGRESSIVE;
				CLANG_WARN_UNREACHABLE_CODE = YES;
				CLANG_WARN__DUPLICATE_METHOD_MATCH = YES;
				COPY_PHASE_STRIP = NO;
				DEBUG_INFORMATION_FORMAT = "dwarf-with-dsym";
				ENABLE_NS_ASSERTIONS = NO;
				ENABLE_STRICT_OBJC_MSGSEND = YES;
				ENABLE_USER_SCRIPT_SANDBOXING = YES;
				GCC_C_LANGUAGE_STANDARD = gnu17;
				GCC_NO_COMMON_BLOCKS = YES;
				GCC_WARN_64_TO_32_BIT_CONVERSION = YES;
				GCC_WARN_ABOUT_RETURN_TYPE = YES_ERROR;
				GCC_WARN_UNDECLARED_SELECTOR = YES;
				GCC_WARN_UNINITIALIZED_AUTOS = YES_AGGRESSIVE;
				GCC_WARN_UNUSED_FUNCTION = YES;
				GCC_WARN_UNUSED_VARIABLE = YES;
				IPHONEOS_DEPLOYMENT_TARGET = 15.0;
				LOCALIZATION_PREFERS_STRING_CATALOGS = YES;
				MTL_ENABLE_DEBUG_INFO = NO;
				MTL_FAST_MATH = YES;
				SDKROOT = iphoneos;
				SWIFT_COMPILATION_MODE = wholemodule;
				VALIDATE_PRODUCT = YES;
			};
			name = Release;
		};
		EA77A56E2C503FF500DA9457 /* Debug */ = {
			isa = XCBuildConfiguration;
			buildSettings = {
				ASSETCATALOG_COMPILER_APPICON_NAME = AppIcon;
				ASSETCATALOG_COMPILER_GLOBAL_ACCENT_COLOR_NAME = AccentColor;
				CODE_SIGN_STYLE = Automatic;
				CURRENT_PROJECT_VERSION = 1;
				GENERATE_INFOPLIST_FILE = YES;
				INFOPLIST_FILE = "MetropolitanMuseum/Support Files/Info.plist";
				INFOPLIST_KEY_UIApplicationSupportsIndirectInputEvents = YES;
				INFOPLIST_KEY_UILaunchStoryboardName = LaunchScreen;
				INFOPLIST_KEY_UIMainStoryboardFile = Main;
				INFOPLIST_KEY_UISupportedInterfaceOrientations_iPad = "UIInterfaceOrientationPortrait UIInterfaceOrientationPortraitUpsideDown UIInterfaceOrientationLandscapeLeft UIInterfaceOrientationLandscapeRight";
				INFOPLIST_KEY_UISupportedInterfaceOrientations_iPhone = "UIInterfaceOrientationPortrait UIInterfaceOrientationLandscapeLeft UIInterfaceOrientationLandscapeRight";
				IPHONEOS_DEPLOYMENT_TARGET = 15.0;
				LD_RUNPATH_SEARCH_PATHS = (
					"$(inherited)",
					"@executable_path/Frameworks",
				);
				MARKETING_VERSION = 1.0;
				PRODUCT_BUNDLE_IDENTIFIER = "-.MetropolitanMuseum";
				PRODUCT_NAME = "$(TARGET_NAME)";
				SWIFT_EMIT_LOC_STRINGS = YES;
				SWIFT_VERSION = 5.0;
				TARGETED_DEVICE_FAMILY = "1,2";
			};
			name = Debug;
		};
		EA77A56F2C503FF500DA9457 /* Release */ = {
			isa = XCBuildConfiguration;
			buildSettings = {
				ASSETCATALOG_COMPILER_APPICON_NAME = AppIcon;
				ASSETCATALOG_COMPILER_GLOBAL_ACCENT_COLOR_NAME = AccentColor;
				CODE_SIGN_STYLE = Automatic;
				CURRENT_PROJECT_VERSION = 1;
				GENERATE_INFOPLIST_FILE = YES;
				INFOPLIST_FILE = "MetropolitanMuseum/Support Files/Info.plist";
				INFOPLIST_KEY_UIApplicationSupportsIndirectInputEvents = YES;
				INFOPLIST_KEY_UILaunchStoryboardName = LaunchScreen;
				INFOPLIST_KEY_UIMainStoryboardFile = Main;
				INFOPLIST_KEY_UISupportedInterfaceOrientations_iPad = "UIInterfaceOrientationPortrait UIInterfaceOrientationPortraitUpsideDown UIInterfaceOrientationLandscapeLeft UIInterfaceOrientationLandscapeRight";
				INFOPLIST_KEY_UISupportedInterfaceOrientations_iPhone = "UIInterfaceOrientationPortrait UIInterfaceOrientationLandscapeLeft UIInterfaceOrientationLandscapeRight";
				IPHONEOS_DEPLOYMENT_TARGET = 15.0;
				LD_RUNPATH_SEARCH_PATHS = (
					"$(inherited)",
					"@executable_path/Frameworks",
				);
				MARKETING_VERSION = 1.0;
				PRODUCT_BUNDLE_IDENTIFIER = "-.MetropolitanMuseum";
				PRODUCT_NAME = "$(TARGET_NAME)";
				SWIFT_EMIT_LOC_STRINGS = YES;
				SWIFT_VERSION = 5.0;
				TARGETED_DEVICE_FAMILY = "1,2";
			};
			name = Release;
		};
/* End XCBuildConfiguration section */

/* Begin XCConfigurationList section */
		EA77A5542C503FF200DA9457 /* Build configuration list for PBXProject "MetropolitanMuseum" */ = {
			isa = XCConfigurationList;
			buildConfigurations = (
				EA77A56B2C503FF500DA9457 /* Debug */,
				EA77A56C2C503FF500DA9457 /* Release */,
			);
			defaultConfigurationIsVisible = 0;
			defaultConfigurationName = Release;
		};
		EA77A56D2C503FF500DA9457 /* Build configuration list for PBXNativeTarget "MetropolitanMuseum" */ = {
			isa = XCConfigurationList;
			buildConfigurations = (
				EA77A56E2C503FF500DA9457 /* Debug */,
				EA77A56F2C503FF500DA9457 /* Release */,
			);
			defaultConfigurationIsVisible = 0;
			defaultConfigurationName = Release;
		};
/* End XCConfigurationList section */
	};
	rootObject = EA77A5512C503FF200DA9457 /* Project object */;
}
